
Microsoft Visual Studio Solution File, Format Version 12.00
# Visual Studio Version 16
VisualStudioVersion = 16.0.30709.132
MinimumVisualStudioVersion = 10.0.40219.1
Project("{FAE04EC0-301F-11D3-BF4B-00C04F79EFBC}") = "SensateIoT.SmartEnergy.Dsmr.Processor.Service", "SensateIoT.SmartEnergy.Dsmr.Processor.Service\SensateIoT.SmartEnergy.Dsmr.Processor.Service.csproj", "{F1DDA1D3-0EEF-44CB-B3FE-D8521987CFE2}"
EndProject
Project("{2150E333-8FDC-42A3-9474-1A3956D46DE8}") = "Solution Items", "Solution Items", "{6869825F-9DAB-4343-B04F-CC083D5F512B}"
	ProjectSection(SolutionItems) = preProject
		.editorconfig = .editorconfig
		.gitignore = .gitignore
		CHANGELOG.md = CHANGELOG.md
		CODE_OF_CONDUCT.md = CODE_OF_CONDUCT.md
		CODESTYLE.md = CODESTYLE.md
		CONTRIBUTING.md = CONTRIBUTING.md
		COPYING = COPYING
		README.md = README.md
		SECURITY.md = SECURITY.md
	EndProjectSection
EndProject
Project("{00D1A9C2-B5F0-4AF3-8072-F6C62B433612}") = "SensateIoT.SmartEnergy.Dsmr.Processor.Database", "SensateIoT.SmartEnergy.Dsmr.Processor.Database\SensateIoT.SmartEnergy.Dsmr.Processor.Database.sqlproj", "{A4CA9024-13B5-4784-8225-0FAAF9107A13}"
EndProject
Global
	GlobalSection(SolutionConfigurationPlatforms) = preSolution
		Debug|Any CPU = Debug|Any CPU
		Release|Any CPU = Release|Any CPU
	EndGlobalSection
	GlobalSection(ProjectConfigurationPlatforms) = postSolution
		{F1DDA1D3-0EEF-44CB-B3FE-D8521987CFE2}.Debug|Any CPU.ActiveCfg = Debug|Any CPU
		{F1DDA1D3-0EEF-44CB-B3FE-D8521987CFE2}.Debug|Any CPU.Build.0 = Debug|Any CPU
		{F1DDA1D3-0EEF-44CB-B3FE-D8521987CFE2}.Release|Any CPU.ActiveCfg = Release|Any CPU
		{F1DDA1D3-0EEF-44CB-B3FE-D8521987CFE2}.Release|Any CPU.Build.0 = Release|Any CPU
		{A4CA9024-13B5-4784-8225-0FAAF9107A13}.Debug|Any CPU.ActiveCfg = Debug|Any CPU
		{A4CA9024-13B5-4784-8225-0FAAF9107A13}.Debug|Any CPU.Build.0 = Debug|Any CPU
		{A4CA9024-13B5-4784-8225-0FAAF9107A13}.Debug|Any CPU.Deploy.0 = Debug|Any CPU
		{A4CA9024-13B5-4784-8225-0FAAF9107A13}.Release|Any CPU.ActiveCfg = Release|Any CPU
		{A4CA9024-13B5-4784-8225-0FAAF9107A13}.Release|Any CPU.Build.0 = Release|Any CPU
		{A4CA9024-13B5-4784-8225-0FAAF9107A13}.Release|Any CPU.Deploy.0 = Release|Any CPU
	EndGlobalSection
	GlobalSection(SolutionProperties) = preSolution
		HideSolutionNode = FALSE
	EndGlobalSection
	GlobalSection(ExtensibilityGlobals) = postSolution
		SolutionGuid = {E565EC2E-4BCA-4180-A274-0563038664A2}
	EndGlobalSection
EndGlobal
